
Microsoft Visual Studio Solution File, Format Version 12.00
# Visual Studio Version 16
VisualStudioVersion = 16.0.30804.86
MinimumVisualStudioVersion = 10.0.40219.1
Project("{FAE04EC0-301F-11D3-BF4B-00C04F79EFBC}") = "DCore", "DCore\DCore.csproj", "{F4DD6D75-8573-435B-9689-1F6190424701}"
EndProject
Global
	GlobalSection(SolutionConfigurationPlatforms) = preSolution
		Debug|Any CPU = Debug|Any CPU
		Release|Any CPU = Release|Any CPU
	EndGlobalSection
	GlobalSection(ProjectConfigurationPlatforms) = postSolution
		{F4DD6D75-8573-435B-9689-1F6190424701}.Debug|Any CPU.ActiveCfg = Debug|Any CPU
		{F4DD6D75-8573-435B-9689-1F6190424701}.Debug|Any CPU.Build.0 = Debug|Any CPU
		{F4DD6D75-8573-435B-9689-1F6190424701}.Release|Any CPU.ActiveCfg = Release|Any CPU
		{F4DD6D75-8573-435B-9689-1F6190424701}.Release|Any CPU.Build.0 = Release|Any CPU
	EndGlobalSection
	GlobalSection(SolutionProperties) = preSolution
		HideSolutionNode = FALSE
	EndGlobalSection
	GlobalSection(ExtensibilityGlobals) = postSolution
		SolutionGuid = {24451FC0-F773-429C-8498-B55F57F646FD}
	EndGlobalSection
EndGlobal
