
Microsoft Visual Studio Solution File, Format Version 12.00
# Visual Studio Version 16
VisualStudioVersion = 16.0.30804.86
MinimumVisualStudioVersion = 10.0.40219.1
Project("{9A19103F-16F7-4668-BE54-9A1E7A4F7556}") = "DCore", "src\DCore.csproj", "{C51EDE80-BB22-401D-87CD-01E63B749F89}"
EndProject
Project("{9A19103F-16F7-4668-BE54-9A1E7A4F7556}") = "DCoreTests", "tests\DCoreTests.csproj", "{97525AF3-EA9D-43B6-BC72-53F4D0C906EC}"
EndProject
Global
	GlobalSection(SolutionConfigurationPlatforms) = preSolution
		Debug|Any CPU = Debug|Any CPU
		Release|Any CPU = Release|Any CPU
	EndGlobalSection
	GlobalSection(ProjectConfigurationPlatforms) = postSolution
		{C51EDE80-BB22-401D-87CD-01E63B749F89}.Debug|Any CPU.ActiveCfg = Debug|Any CPU
		{C51EDE80-BB22-401D-87CD-01E63B749F89}.Debug|Any CPU.Build.0 = Debug|Any CPU
		{C51EDE80-BB22-401D-87CD-01E63B749F89}.Release|Any CPU.ActiveCfg = Release|Any CPU
		{C51EDE80-BB22-401D-87CD-01E63B749F89}.Release|Any CPU.Build.0 = Release|Any CPU
		{97525AF3-EA9D-43B6-BC72-53F4D0C906EC}.Debug|Any CPU.ActiveCfg = Debug|Any CPU
		{97525AF3-EA9D-43B6-BC72-53F4D0C906EC}.Debug|Any CPU.Build.0 = Debug|Any CPU
		{97525AF3-EA9D-43B6-BC72-53F4D0C906EC}.Release|Any CPU.ActiveCfg = Release|Any CPU
		{97525AF3-EA9D-43B6-BC72-53F4D0C906EC}.Release|Any CPU.Build.0 = Release|Any CPU
	EndGlobalSection
	GlobalSection(SolutionProperties) = preSolution
		HideSolutionNode = FALSE
	EndGlobalSection
	GlobalSection(ExtensibilityGlobals) = postSolution
		SolutionGuid = {8DAAB605-F3FA-40B5-95C7-952246D748AD}
	EndGlobalSection
EndGlobal
